{
  "version": 4,
  "terraform_version": "1.3.8",
  "serial": 18,
  "lineage": "faf1cea1-2847-fcc8-08f9-699f57653fc6",
  "outputs": {},
  "resources": [
    {
      "mode": "managed",
      "type": "linode_lke_cluster",
      "name": "tickTrade",
      "provider": "provider[\"registry.terraform.io/linode/linode\"]",
      "instances": [
        {
          "status": "tainted",
          "schema_version": 0,
          "attributes": {
            "api_endpoints": null,
            "control_plane": null,
            "dashboard_url": null,
            "id": "107132",
            "k8s_version": "1.25",
            "kubeconfig": null,
            "label": "tickTrade",
            "pool": [
              {
                "autoscaler": [],
                "count": 3,
                "id": 0,
                "nodes": [],
                "type": "g6-standard-2"
              }
            ],
            "region": "us-east",
            "status": null,
            "tags": null,
            "timeouts": null
          },
          "sensitive_attributes": [],
          "private": "eyJlMmJmYjczMC1lY2FhLTExZTYtOGY4OC0zNDM2M2JjN2M0YzAiOnsiY3JlYXRlIjo5MDAwMDAwMDAwMDAsImRlbGV0ZSI6NjAwMDAwMDAwMDAwLCJ1cGRhdGUiOjE4MDAwMDAwMDAwMDB9fQ=="
        }
      ]
    },
    {
      "mode": "managed",
      "type": "null_resource",
      "name": "write_kubeconfig",
      "provider": "provider[\"registry.terraform.io/hashicorp/null\"]",
      "instances": []
    }
  ],
  "check_results": null
}
